// !$*UTF8*$!
{
	archiveVersion = 1;
	classes = {
	};
	objectVersion = 50;
	objects = {

/* Begin PBXBuildFile section */
		75BC64B720FD1937007AF99D /* background.mp3 in Resources */ = {isa = PBXBuildFile; fileRef = 75BC64B620FD1937007AF99D /* background.mp3 */; };
		A234252B20F9201D00405342 /* AppDelegate.swift in Sources */ = {isa = PBXBuildFile; fileRef = A234252A20F9201D00405342 /* AppDelegate.swift */; };
		A234252D20F9201D00405342 /* GameScene.sks in Resources */ = {isa = PBXBuildFile; fileRef = A234252C20F9201D00405342 /* GameScene.sks */; };
		A234252F20F9201D00405342 /* Actions.sks in Resources */ = {isa = PBXBuildFile; fileRef = A234252E20F9201D00405342 /* Actions.sks */; };
		A234253120F9201D00405342 /* GameScene.swift in Sources */ = {isa = PBXBuildFile; fileRef = A234253020F9201D00405342 /* GameScene.swift */; };
		A234253320F9201D00405342 /* GameViewController.swift in Sources */ = {isa = PBXBuildFile; fileRef = A234253220F9201D00405342 /* GameViewController.swift */; };
		A234253620F9201D00405342 /* Main.storyboard in Resources */ = {isa = PBXBuildFile; fileRef = A234253420F9201D00405342 /* Main.storyboard */; };
		A234253820F9201F00405342 /* Assets.xcassets in Resources */ = {isa = PBXBuildFile; fileRef = A234253720F9201F00405342 /* Assets.xcassets */; };
		A234253B20F9201F00405342 /* LaunchScreen.storyboard in Resources */ = {isa = PBXBuildFile; fileRef = A234253920F9201F00405342 /* LaunchScreen.storyboard */; };
		A2C3C5B320FE8FAD00BC2F78 /* AchievementsViewController.swift in Sources */ = {isa = PBXBuildFile; fileRef = A2C3C5B220FE8FAD00BC2F78 /* AchievementsViewController.swift */; };
/* End PBXBuildFile section */

/* Begin PBXFileReference section */
		75BC64B620FD1937007AF99D /* background.mp3 */ = {isa = PBXFileReference; lastKnownFileType = audio.mp3; path = background.mp3; sourceTree = "<group>"; };
		A234252720F9201D00405342 /* flAPP.app */ = {isa = PBXFileReference; explicitFileType = wrapper.application; includeInIndex = 0; path = flAPP.app; sourceTree = BUILT_PRODUCTS_DIR; };
		A234252A20F9201D00405342 /* AppDelegate.swift */ = {isa = PBXFileReference; lastKnownFileType = sourcecode.swift; path = AppDelegate.swift; sourceTree = "<group>"; };
		A234252C20F9201D00405342 /* GameScene.sks */ = {isa = PBXFileReference; lastKnownFileType = file.sks; path = GameScene.sks; sourceTree = "<group>"; };
		A234252E20F9201D00405342 /* Actions.sks */ = {isa = PBXFileReference; lastKnownFileType = file.sks; path = Actions.sks; sourceTree = "<group>"; };
		A234253020F9201D00405342 /* GameScene.swift */ = {isa = PBXFileReference; lastKnownFileType = sourcecode.swift; path = GameScene.swift; sourceTree = "<group>"; };
		A234253220F9201D00405342 /* GameViewController.swift */ = {isa = PBXFileReference; lastKnownFileType = sourcecode.swift; path = GameViewController.swift; sourceTree = "<group>"; };
		A234253520F9201D00405342 /* Base */ = {isa = PBXFileReference; lastKnownFileType = file.storyboard; name = Base; path = Base.lproj/Main.storyboard; sourceTree = "<group>"; };
		A234253720F9201F00405342 /* Assets.xcassets */ = {isa = PBXFileReference; lastKnownFileType = folder.assetcatalog; path = Assets.xcassets; sourceTree = "<group>"; };
		A234253A20F9201F00405342 /* Base */ = {isa = PBXFileReference; lastKnownFileType = file.storyboard; name = Base; path = Base.lproj/LaunchScreen.storyboard; sourceTree = "<group>"; };
		A234253C20F9201F00405342 /* Info.plist */ = {isa = PBXFileReference; lastKnownFileType = text.plist.xml; path = Info.plist; sourceTree = "<group>"; };
		A2C3C5B220FE8FAD00BC2F78 /* AchievementsViewController.swift */ = {isa = PBXFileReference; lastKnownFileType = sourcecode.swift; path = AchievementsViewController.swift; sourceTree = "<group>"; };
/* End PBXFileReference section */

/* Begin PBXFrameworksBuildPhase section */
		A234252420F9201D00405342 /* Frameworks */ = {
			isa = PBXFrameworksBuildPhase;
			buildActionMask = 2147483647;
			files = (
			);
			runOnlyForDeploymentPostprocessing = 0;
		};
/* End PBXFrameworksBuildPhase section */

/* Begin PBXGroup section */
		A234251E20F9201D00405342 = {
			isa = PBXGroup;
			children = (
				A234252920F9201D00405342 /* flAPP */,
				A234252820F9201D00405342 /* Products */,
			);
			sourceTree = "<group>";
		};
		A234252820F9201D00405342 /* Products */ = {
			isa = PBXGroup;
			children = (
				A234252720F9201D00405342 /* flAPP.app */,
			);
			name = Products;
			sourceTree = "<group>";
		};
		A234252920F9201D00405342 /* flAPP */ = {
			isa = PBXGroup;
			children = (
				A234252A20F9201D00405342 /* AppDelegate.swift */,
				A234252C20F9201D00405342 /* GameScene.sks */,
				A234252E20F9201D00405342 /* Actions.sks */,
				A234253020F9201D00405342 /* GameScene.swift */,
				A234253220F9201D00405342 /* GameViewController.swift */,
				A234253420F9201D00405342 /* Main.storyboard */,
				A2C3C5B220FE8FAD00BC2F78 /* AchievementsViewController.swift */,
				A234253720F9201F00405342 /* Assets.xcassets */,
				A234253920F9201F00405342 /* LaunchScreen.storyboard */,
				75BC64B620FD1937007AF99D /* background.mp3 */,
				A234253C20F9201F00405342 /* Info.plist */,
			);
			path = flAPP;
			sourceTree = "<group>";
		};
/* End PBXGroup section */

/* Begin PBXNativeTarget section */
		A234252620F9201D00405342 /* flAPP */ = {
			isa = PBXNativeTarget;
			buildConfigurationList = A234253F20F9201F00405342 /* Build configuration list for PBXNativeTarget "flAPP" */;
			buildPhases = (
				A234252320F9201D00405342 /* Sources */,
				A234252420F9201D00405342 /* Frameworks */,
				A234252520F9201D00405342 /* Resources */,
			);
			buildRules = (
			);
			dependencies = (
			);
			name = flAPP;
			productName = flAPP;
			productReference = A234252720F9201D00405342 /* flAPP.app */;
			productType = "com.apple.product-type.application";
		};
/* End PBXNativeTarget section */

/* Begin PBXProject section */
		A234251F20F9201D00405342 /* Project object */ = {
			isa = PBXProject;
			attributes = {
				LastSwiftUpdateCheck = 0940;
				LastUpgradeCheck = 0940;
				ORGANIZATIONNAME = "Jean Cho";
				TargetAttributes = {
					A234252620F9201D00405342 = {
						CreatedOnToolsVersion = 9.4.1;
					};
				};
			};
			buildConfigurationList = A234252220F9201D00405342 /* Build configuration list for PBXProject "flAPP" */;
			compatibilityVersion = "Xcode 9.3";
			developmentRegion = en;
			hasScannedForEncodings = 0;
			knownRegions = (
				en,
				Base,
			);
			mainGroup = A234251E20F9201D00405342;
			productRefGroup = A234252820F9201D00405342 /* Products */;
			projectDirPath = "";
			projectRoot = "";
			targets = (
				A234252620F9201D00405342 /* flAPP */,
			);
		};
/* End PBXProject section */

/* Begin PBXResourcesBuildPhase section */
		A234252520F9201D00405342 /* Resources */ = {
			isa = PBXResourcesBuildPhase;
			buildActionMask = 2147483647;
			files = (
				A234253620F9201D00405342 /* Main.storyboard in Resources */,
				A234252D20F9201D00405342 /* GameScene.sks in Resources */,
				A234253820F9201F00405342 /* Assets.xcassets in Resources */,
				A234253B20F9201F00405342 /* LaunchScreen.storyboard in Resources */,
				75BC64B720FD1937007AF99D /* background.mp3 in Resources */,
				A234252F20F9201D00405342 /* Actions.sks in Resources */,
			);
			runOnlyForDeploymentPostprocessing = 0;
		};
/* End PBXResourcesBuildPhase section */

/* Begin PBXSourcesBuildPhase section */
		A234252320F9201D00405342 /* Sources */ = {
			isa = PBXSourcesBuildPhase;
			buildActionMask = 2147483647;
			files = (
				A2C3C5B320FE8FAD00BC2F78 /* AchievementsViewController.swift in Sources */,
				A234253120F9201D00405342 /* GameScene.swift in Sources */,
				A234253320F9201D00405342 /* GameViewController.swift in Sources */,
				A234252B20F9201D00405342 /* AppDelegate.swift in Sources */,
			);
			runOnlyForDeploymentPostprocessing = 0;
		};
/* End PBXSourcesBuildPhase section */

/* Begin PBXVariantGroup section */
		A234253420F9201D00405342 /* Main.storyboard */ = {
			isa = PBXVariantGroup;
			children = (
				A234253520F9201D00405342 /* Base */,
			);
			name = Main.storyboard;
			sourceTree = "<group>";
		};
		A234253920F9201F00405342 /* LaunchScreen.storyboard */ = {
			isa = PBXVariantGroup;
			children = (
				A234253A20F9201F00405342 /* Base */,
			);
			name = LaunchScreen.storyboard;
			sourceTree = "<group>";
		};
/* End PBXVariantGroup section */

/* Begin XCBuildConfiguration section */
		A234253D20F9201F00405342 /* Debug */ = {
			isa = XCBuildConfiguration;
			buildSettings = {
				ALWAYS_SEARCH_USER_PATHS = NO;
				CLANG_ANALYZER_NONNULL = YES;
				CLANG_ANALYZER_NUMBER_OBJECT_CONVERSION = YES_AGGRESSIVE;
				CLANG_CXX_LANGUAGE_STANDARD = "gnu++14";
				CLANG_CXX_LIBRARY = "libc++";
				CLANG_ENABLE_MODULES = YES;
				CLANG_ENABLE_OBJC_ARC = YES;
				CLANG_ENABLE_OBJC_WEAK = YES;
				CLANG_WARN_BLOCK_CAPTURE_AUTORELEASING = YES;
				CLANG_WARN_BOOL_CONVERSION = YES;
				CLANG_WARN_COMMA = YES;
				CLANG_WARN_CONSTANT_CONVERSION = YES;
				CLANG_WARN_DEPRECATED_OBJC_IMPLEMENTATIONS = YES;
				CLANG_WARN_DIRECT_OBJC_ISA_USAGE = YES_ERROR;
				CLANG_WARN_DOCUMENTATION_COMMENTS = YES;
				CLANG_WARN_EMPTY_BODY = YES;
				CLANG_WARN_ENUM_CONVERSION = YES;
				CLANG_WARN_INFINITE_RECURSION = YES;
				CLANG_WARN_INT_CONVERSION = YES;
				CLANG_WARN_NON_LITERAL_NULL_CONVERSION = YES;
				CLANG_WARN_OBJC_IMPLICIT_RETAIN_SELF = YES;
				CLANG_WARN_OBJC_LITERAL_CONVERSION = YES;
				CLANG_WARN_OBJC_ROOT_CLASS = YES_ERROR;
				CLANG_WARN_RANGE_LOOP_ANALYSIS = YES;
				CLANG_WARN_STRICT_PROTOTYPES = YES;
				CLANG_WARN_SUSPICIOUS_MOVE = YES;
				CLANG_WARN_UNGUARDED_AVAILABILITY = YES_AGGRESSIVE;
				CLANG_WARN_UNREACHABLE_CODE = YES;
				CLANG_WARN__DUPLICATE_METHOD_MATCH = YES;
				CODE_SIGN_IDENTITY = "iPhone Developer";
				COPY_PHASE_STRIP = NO;
				DEBUG_INFORMATION_FORMAT = dwarf;
				ENABLE_STRICT_OBJC_MSGSEND = YES;
				ENABLE_TESTABILITY = YES;
				GCC_C_LANGUAGE_STANDARD = gnu11;
				GCC_DYNAMIC_NO_PIC = NO;
				GCC_NO_COMMON_BLOCKS = YES;
				GCC_OPTIMIZATION_LEVEL = 0;
				GCC_PREPROCESSOR_DEFINITIONS = (
					"DEBUG=1",
					"$(inherited)",
				);
				GCC_WARN_64_TO_32_BIT_CONVERSION = YES;
				GCC_WARN_ABOUT_RETURN_TYPE = YES_ERROR;
				GCC_WARN_UNDECLARED_SELECTOR = YES;
				GCC_WARN_UNINITIALIZED_AUTOS = YES_AGGRESSIVE;
				GCC_WARN_UNUSED_FUNCTION = YES;
				GCC_WARN_UNUSED_VARIABLE = YES;
				IPHONEOS_DEPLOYMENT_TARGET = 11.4;
				MTL_ENABLE_DEBUG_INFO = YES;
				ONLY_ACTIVE_ARCH = YES;
				SDKROOT = iphoneos;
				SWIFT_ACTIVE_COMPILATION_CONDITIONS = DEBUG;
				SWIFT_OPTIMIZATION_LEVEL = "-Onone";
			};
			name = Debug;
		};
		A234253E20F9201F00405342 /* Release */ = {
			isa = XCBuildConfiguration;
			buildSettings = {
				ALWAYS_SEARCH_USER_PATHS = NO;
				CLANG_ANALYZER_NONNULL = YES;
				CLANG_ANALYZER_NUMBER_OBJECT_CONVERSION = YES_AGGRESSIVE;
				CLANG_CXX_LANGUAGE_STANDARD = "gnu++14";
				CLANG_CXX_LIBRARY = "libc++";
				CLANG_ENABLE_MODULES = YES;
				CLANG_ENABLE_OBJC_ARC = YES;
				CLANG_ENABLE_OBJC_WEAK = YES;
				CLANG_WARN_BLOCK_CAPTURE_AUTORELEASING = YES;
				CLANG_WARN_BOOL_CONVERSION = YES;
				CLANG_WARN_COMMA = YES;
				CLANG_WARN_CONSTANT_CONVERSION = YES;
				CLANG_WARN_DEPRECATED_OBJC_IMPLEMENTATIONS = YES;
				CLANG_WARN_DIRECT_OBJC_ISA_USAGE = YES_ERROR;
				CLANG_WARN_DOCUMENTATION_COMMENTS = YES;
				CLANG_WARN_EMPTY_BODY = YES;
				CLANG_WARN_ENUM_CONVERSION = YES;
				CLANG_WARN_INFINITE_RECURSION = YES;
				CLANG_WARN_INT_CONVERSION = YES;
				CLANG_WARN_NON_LITERAL_NULL_CONVERSION = YES;
				CLANG_WARN_OBJC_IMPLICIT_RETAIN_SELF = YES;
				CLANG_WARN_OBJC_LITERAL_CONVERSION = YES;
				CLANG_WARN_OBJC_ROOT_CLASS = YES_ERROR;
				CLANG_WARN_RANGE_LOOP_ANALYSIS = YES;
				CLANG_WARN_STRICT_PROTOTYPES = YES;
				CLANG_WARN_SUSPICIOUS_MOVE = YES;
				CLANG_WARN_UNGUARDED_AVAILABILITY = YES_AGGRESSIVE;
				CLANG_WARN_UNREACHABLE_CODE = YES;
				CLANG_WARN__DUPLICATE_METHOD_MATCH = YES;
				CODE_SIGN_IDENTITY = "iPhone Developer";
				COPY_PHASE_STRIP = NO;
				DEBUG_INFORMATION_FORMAT = "dwarf-with-dsym";
				ENABLE_NS_ASSERTIONS = NO;
				ENABLE_STRICT_OBJC_MSGSEND = YES;
				GCC_C_LANGUAGE_STANDARD = gnu11;
				GCC_NO_COMMON_BLOCKS = YES;
				GCC_WARN_64_TO_32_BIT_CONVERSION = YES;
				GCC_WARN_ABOUT_RETURN_TYPE = YES_ERROR;
				GCC_WARN_UNDECLARED_SELECTOR = YES;
				GCC_WARN_UNINITIALIZED_AUTOS = YES_AGGRESSIVE;
				GCC_WARN_UNUSED_FUNCTION = YES;
				GCC_WARN_UNUSED_VARIABLE = YES;
				IPHONEOS_DEPLOYMENT_TARGET = 11.4;
				MTL_ENABLE_DEBUG_INFO = NO;
				SDKROOT = iphoneos;
				SWIFT_COMPILATION_MODE = wholemodule;
				SWIFT_OPTIMIZATION_LEVEL = "-O";
				VALIDATE_PRODUCT = YES;
			};
			name = Release;
		};
		A234254020F9201F00405342 /* Debug */ = {
			isa = XCBuildConfiguration;
			buildSettings = {
				ASSETCATALOG_COMPILER_APPICON_NAME = AppIcon;
				CODE_SIGN_STYLE = Automatic;
				DEVELOPMENT_TEAM = 4W5L8TBYA9;
				INFOPLIST_FILE = flAPP/Info.plist;
				LD_RUNPATH_SEARCH_PATHS = (
					"$(inherited)",
					"@executable_path/Frameworks",
				);
				PRODUCT_BUNDLE_IDENTIFIER = com.jeancho.flAPP;
				PRODUCT_NAME = "$(TARGET_NAME)";
				SWIFT_VERSION = 4.0;
				TARGETED_DEVICE_FAMILY = "1,2";
			};
			name = Debug;
		};
		A234254120F9201F00405342 /* Release */ = {
			isa = XCBuildConfiguration;
			buildSettings = {
				ASSETCATALOG_COMPILER_APPICON_NAME = AppIcon;
				CODE_SIGN_STYLE = Automatic;
				DEVELOPMENT_TEAM = 4W5L8TBYA9;
				INFOPLIST_FILE = flAPP/Info.plist;
				LD_RUNPATH_SEARCH_PATHS = (
					"$(inherited)",
					"@executable_path/Frameworks",
				);
				PRODUCT_BUNDLE_IDENTIFIER = com.jeancho.flAPP;
				PRODUCT_NAME = "$(TARGET_NAME)";
				SWIFT_VERSION = 4.0;
				TARGETED_DEVICE_FAMILY = "1,2";
			};
			name = Release;
		};
/* End XCBuildConfiguration section */

/* Begin XCConfigurationList section */
		A234252220F9201D00405342 /* Build configuration list for PBXProject "flAPP" */ = {
			isa = XCConfigurationList;
			buildConfigurations = (
				A234253D20F9201F00405342 /* Debug */,
				A234253E20F9201F00405342 /* Release */,
			);
			defaultConfigurationIsVisible = 0;
			defaultConfigurationName = Release;
		};
		A234253F20F9201F00405342 /* Build configuration list for PBXNativeTarget "flAPP" */ = {
			isa = XCConfigurationList;
			buildConfigurations = (
				A234254020F9201F00405342 /* Debug */,
				A234254120F9201F00405342 /* Release */,
			);
			defaultConfigurationIsVisible = 0;
			defaultConfigurationName = Release;
		};
/* End XCConfigurationList section */
	};
	rootObject = A234251F20F9201D00405342 /* Project object */;
}
